
Microsoft Visual Studio Solution File, Format Version 12.00
Project("{FAE04EC0-301F-11D3-BF4B-00C04F79EFBC}") = "EmployeeAdminPortal2", "EmployeeAdminPortal2\EmployeeAdminPortal2.csproj", "{36936105-664F-44F0-97E6-8F6EB2B34AFF}"
EndProject
Global
	GlobalSection(SolutionConfigurationPlatforms) = preSolution
		Debug|Any CPU = Debug|Any CPU
		Release|Any CPU = Release|Any CPU
	EndGlobalSection
	GlobalSection(ProjectConfigurationPlatforms) = postSolution
		{36936105-664F-44F0-97E6-8F6EB2B34AFF}.Debug|Any CPU.ActiveCfg = Debug|Any CPU
		{36936105-664F-44F0-97E6-8F6EB2B34AFF}.Debug|Any CPU.Build.0 = Debug|Any CPU
		{36936105-664F-44F0-97E6-8F6EB2B34AFF}.Release|Any CPU.ActiveCfg = Release|Any CPU
		{36936105-664F-44F0-97E6-8F6EB2B34AFF}.Release|Any CPU.Build.0 = Release|Any CPU
	EndGlobalSection
EndGlobal
